{
  "nodes": {
    "crane": {
      "inputs": {
        "flake-compat": [
          "mars-std",
          "flake-compat"
        ],
        "flake-utils": [
          "mars-std",
          "flake-utils"
        ],
        "nixpkgs": [
          "mars-std",
          "nixpkgs"
        ],
        "rust-overlay": "rust-overlay"
      },
      "locked": {
        "lastModified": 1687310026,
        "narHash": "sha256-20RHFbrnC+hsG4Hyeg/58LvQAK7JWfFItTPFAFamu8E=",
        "owner": "ipetkov",
        "repo": "crane",
        "rev": "116b32c30b5ff28e49f4fcbeeb1bbe3544593204",
        "type": "github"
      },
      "original": {
        "owner": "ipetkov",
        "repo": "crane",
        "type": "github"
      }
    },
    "flake-compat": {
      "flake": false,
      "locked": {
        "lastModified": 1673956053,
        "narHash": "sha256-4gtG9iQuiKITOjNQQeQIpoIB6b16fm+504Ch3sNKLd8=",
        "owner": "edolstra",
        "repo": "flake-compat",
        "rev": "35bb57c0c8d8b62bbfd284272c928ceb64ddbde9",
        "type": "github"
      },
      "original": {
        "owner": "edolstra",
        "repo": "flake-compat",
        "type": "github"
      }
    },
    "flake-utils": {
      "inputs": {
        "systems": "systems"
      },
      "locked": {
        "lastModified": 1681202837,
        "narHash": "sha256-H+Rh19JDwRtpVPAWp64F+rlEtxUWBAQW28eAi3SRSzg=",
        "owner": "numtide",
        "repo": "flake-utils",
        "rev": "cfacdce06f30d2b68473a46042957675eebb3401",
        "type": "github"
      },
      "original": {
        "owner": "numtide",
        "repo": "flake-utils",
        "type": "github"
      }
    },
    "mars-std": {
      "inputs": {
        "flake-compat": "flake-compat",
        "flake-utils": "flake-utils",
        "nixpkgs": "nixpkgs",
        "rust-overlay": "rust-overlay_2"
      },
      "locked": {
        "lastModified": 1707048368,
        "narHash": "sha256-XFg5mX7YM6ZPkRV/l+/zCUSejab+AJyWHxCtPnUih8k=",
        "owner": "mars-research",
        "repo": "mars-std",
        "rev": "0283c6e1e866cfebcbc078722a3b59f5b99f12c8",
        "type": "github"
      },
      "original": {
        "owner": "mars-research",
        "repo": "mars-std",
        "type": "github"
      }
    },
    "nixpkgs": {
      "locked": {
        "lastModified": 1704290814,
        "narHash": "sha256-LWvKHp7kGxk/GEtlrGYV68qIvPHkU9iToomNFGagixU=",
        "owner": "NixOS",
        "repo": "nixpkgs",
        "rev": "70bdadeb94ffc8806c0570eb5c2695ad29f0e421",
        "type": "github"
      },
      "original": {
        "owner": "NixOS",
        "ref": "nixos-23.05",
        "repo": "nixpkgs",
        "type": "github"
      }
    },
    "root": {
      "inputs": {
        "crane": "crane",
        "mars-std": "mars-std",
        "verus": "verus"
      }
    },
    "rust-overlay": {
      "inputs": {
        "flake-utils": [
          "crane",
          "flake-utils"
        ],
        "nixpkgs": [
          "crane",
          "nixpkgs"
        ]
      },
      "locked": {
        "lastModified": 1685759304,
        "narHash": "sha256-I3YBH6MS3G5kGzNuc1G0f9uYfTcNY9NYoRc3QsykLk4=",
        "owner": "oxalica",
        "repo": "rust-overlay",
        "rev": "c535b4f3327910c96dcf21851bbdd074d0760290",
        "type": "github"
      },
      "original": {
        "owner": "oxalica",
        "repo": "rust-overlay",
        "type": "github"
      }
    },
    "rust-overlay_2": {
      "inputs": {
        "flake-utils": [
          "mars-std",
          "flake-utils"
        ],
        "nixpkgs": [
          "mars-std",
          "nixpkgs"
        ]
      },
      "locked": {
        "lastModified": 1707012820,
        "narHash": "sha256-4cxIaHUx6/DSEVHJfK0gx4DZkJ5xHugan27KfuVPnj0=",
        "owner": "oxalica",
        "repo": "rust-overlay",
        "rev": "b83b8c3ef16d15a4ae3843d74f32dfc86caed60f",
        "type": "github"
      },
      "original": {
        "owner": "oxalica",
        "repo": "rust-overlay",
        "type": "github"
      }
    },
    "rust-overlay_3": {
      "inputs": {
        "flake-utils": [
          "verus",
          "flake-utils"
        ],
        "nixpkgs": [
          "verus",
          "nixpkgs"
        ]
      },
      "locked": {
        "lastModified": 1705976279,
        "narHash": "sha256-Zx97bJ3+O8IP70uJPD//rRsr8bcxICISMTZUT/L9eFk=",
        "owner": "oxalica",
        "repo": "rust-overlay",
        "rev": "f889dc31ef97835834bdc3662394ebdb3c96b974",
        "type": "github"
      },
      "original": {
        "owner": "oxalica",
        "repo": "rust-overlay",
        "type": "github"
      }
    },
    "systems": {
      "locked": {
        "lastModified": 1681028828,
        "narHash": "sha256-Vy1rq5AaRuLzOxct8nz4T6wlgyUR7zLU309k9mBC768=",
        "owner": "nix-systems",
        "repo": "default",
        "rev": "da67096a3b9bf56a91d16901293e51ba5b49a27e",
        "type": "github"
      },
      "original": {
        "owner": "nix-systems",
        "repo": "default",
        "type": "github"
      }
    },
    "verus": {
      "inputs": {
        "crane": [
          "crane"
        ],
        "flake-compat": [
          "mars-std",
          "flake-compat"
        ],
        "flake-utils": [
          "mars-std",
          "flake-utils"
        ],
        "nixpkgs": [
          "mars-std",
          "nixpkgs"
        ],
        "rust-overlay": "rust-overlay_3"
      },
      "locked": {
        "lastModified": 1708276393,
        "narHash": "sha256-RD7+xMkpQg28Lr3tiDGF2vqwFxGG9AJ4W+Z4yHen1cU=",
        "owner": "mars-research",
        "repo": "verus",
        "rev": "5fbd5cbb5022400758c3336085eb012cf935923b",
        "type": "github"
      },
      "original": {
        "owner": "mars-research",
        "ref": "mars",
        "repo": "verus",
        "type": "github"
      }
    }
  },
  "root": "root",
  "version": 7
}
